<?xml version="1.0" encoding="utf-8"?>
<Project ToolsVersion="4.0" xmlns="http://schemas.microsoft.com/developer/msbuild/2003">
  <ItemGroup>
    <Filter Include="File di origine">
      <UniqueIdentifier>{4FC737F1-C7A5-4376-A066-2A32D752A2FF}</UniqueIdentifier>
      <Extensions>cpp;c;cc;cxx;def;odl;idl;hpj;bat;asm;asmx</Extensions>
    </Filter>
    <Filter Include="File di intestazione">
      <UniqueIdentifier>{93995380-89BD-4b04-88EB-625FBE52EBFB}</UniqueIdentifier>
      <Extensions>h;hh;hpp;hxx;hm;inl;inc;xsd</Extensions>
    </Filter>
    <Filter Include="File di risorse">
      <UniqueIdentifier>{67DA6AB6-F800-4c08-8B7A-83BB121AAD01}</UniqueIdentifier>
      <Extensions>rc;ico;cur;bmp;dlg;rc2;rct;bin;rgs;gif;jpg;jpeg;jpe;resx;tiff;tif;png;wav;mfcribbon-ms</Extensions>
    </Filter>
    <Filter Include="File di risorse\python">
      <UniqueIdentifier>{035da07f-7db1-499d-956f-4cae1ee5ed93}</UniqueIdentifier>
    </Filter>
    <Filter Include="File di risorse\shell">
      <UniqueIdentifier>{765bdb3c-a276-4381-b970-89cf093801c2}</UniqueIdentifier>
    </Filter>
    <Filter Include="File di risorse\tests">
      <UniqueIdentifier>{8fee7666-dbb8-4e29-b354-8a53b15d5f26}</UniqueIdentifier>
    </Filter>
  </ItemGroup>
  <ItemGroup>
    <ClInclude Include="NeuralNetwork.h">
      <Filter>File di intestazione</Filter>
    </ClInclude>
    <ClInclude Include="Constants.h">
      <Filter>File di intestazione</Filter>
    </ClInclude>
    <ClInclude Include="ActiveFunction.h">
      <Filter>File di intestazione</Filter>
    </ClInclude>
    <ClInclude Include="PerceptronLayer.h">
      <Filter>File di intestazione</Filter>
    </ClInclude>
    <ClInclude Include="Config.h">
      <Filter>File di intestazione</Filter>
    </ClInclude>
    <ClInclude Include="CostFunction.h">
      <Filter>File di intestazione</Filter>
    </ClInclude>
    <ClInclude Include="IOFileWrapper.h">
      <Filter>File di intestazione</Filter>
    </ClInclude>
    <ClInclude Include="TicksTime.h">
      <Filter>File di intestazione</Filter>
    </ClInclude>
    <ClInclude Include="ThreadPool.h">
      <Filter>File di intestazione</Filter>
    </ClInclude>
    <ClInclude Include="DennAlgorithm.h">
      <Filter>File di intestazione</Filter>
    </ClInclude>
    <ClInclude Include="Denn.h">
      <Filter>File di intestazione</Filter>
    </ClInclude>
    <ClInclude Include="DennParameters.h">
      <Filter>File di intestazione</Filter>
    </ClInclude>
    <ClInclude Include="DennPopulation.h">
      <Filter>File di intestazione</Filter>
    </ClInclude>
    <ClInclude Include="DennCrossover.h">
      <Filter>File di intestazione</Filter>
    </ClInclude>
    <ClInclude Include="DennDataSet.h">
      <Filter>File di intestazione</Filter>
    </ClInclude>
    <ClInclude Include="DennMutation.h">
      <Filter>File di intestazione</Filter>
    </ClInclude>
    <ClInclude Include="DennRuntimeOutput.h">
      <Filter>File di intestazione</Filter>
    </ClInclude>
    <ClInclude Include="Layer.h">
      <Filter>File di intestazione</Filter>
    </ClInclude>
    <ClInclude Include="DennIndividual.h">
      <Filter>File di intestazione</Filter>
    </ClInclude>
    <ClInclude Include="DennDatasetLoader.h">
      <Filter>File di intestazione</Filter>
    </ClInclude>
    <ClInclude Include="DennRandom.h">
      <Filter>File di intestazione</Filter>
    </ClInclude>
    <ClInclude Include="DennEvolutionMethod.h">
      <Filter>File di intestazione</Filter>
    </ClInclude>
    <ClInclude Include="DennVariant.h">
      <Filter>File di intestazione</Filter>
    </ClInclude>
    <ClInclude Include="DennSerializeOutput.h">
      <Filter>File di intestazione</Filter>
    </ClInclude>
    <ClInclude Include="DennFilesystem.h">
      <Filter>File di intestazione</Filter>
    </ClInclude>
  </ItemGroup>
  <ItemGroup>
    <ClCompile Include="main.cpp">
      <Filter>File di origine</Filter>
    </ClCompile>
    <ClCompile Include="TicksTime.cpp">
      <Filter>File di origine</Filter>
    </ClCompile>
    <ClCompile Include="NeuralNetwork.cpp">
      <Filter>File di origine</Filter>
    </ClCompile>
    <ClCompile Include="Layer.cpp">
      <Filter>File di origine</Filter>
    </ClCompile>
    <ClCompile Include="PerceptronLayer.cpp">
      <Filter>File di origine</Filter>
    </ClCompile>
    <ClCompile Include="DennIndividual.cpp">
      <Filter>File di origine</Filter>
    </ClCompile>
    <ClCompile Include="DennPopulation.cpp">
      <Filter>File di origine</Filter>
    </ClCompile>
    <ClCompile Include="DennAlgorithm.cpp">
      <Filter>File di origine</Filter>
    </ClCompile>
    <ClCompile Include="DennCrossoverItems.cpp">
      <Filter>File di origine</Filter>
    </ClCompile>
    <ClCompile Include="DennCrossoverFactory.cpp">
      <Filter>File di origine</Filter>
    </ClCompile>
    <ClCompile Include="DennMutationFactory.cpp">
      <Filter>File di origine</Filter>
    </ClCompile>
    <ClCompile Include="DennMutationItems.cpp">
      <Filter>File di origine</Filter>
    </ClCompile>
    <ClCompile Include="DennParameters.cpp">
      <Filter>File di origine</Filter>
    </ClCompile>
    <ClCompile Include="DennRandom.cpp">
      <Filter>File di origine</Filter>
    </ClCompile>
    <ClCompile Include="DennEvolutionMethodFactory.cpp">
      <Filter>File di origine</Filter>
    </ClCompile>
    <ClCompile Include="DennEvolutionMethodItems.cpp">
      <Filter>File di origine</Filter>
    </ClCompile>
    <ClCompile Include="DennFilesystem.cpp">
      <Filter>File di origine</Filter>
    </ClCompile>
    <ClCompile Include="DennRuntimeOutputFactory.cpp">
      <Filter>File di origine</Filter>
    </ClCompile>
    <ClCompile Include="DennRuntimeOutputItems.cpp">
      <Filter>File di origine</Filter>
    </ClCompile>
  </ItemGroup>
  <ItemGroup>
    <None Include="makefile">
      <Filter>File di risorse</Filter>
    </None>
    <None Include="job_creator.py">
      <Filter>File di risorse\python</Filter>
    </None>
    <None Include="job_manager.py">
      <Filter>File di risorse\python</Filter>
    </None>
    <None Include="job_results_to_csv.py">
      <Filter>File di risorse\python</Filter>
    </None>
    <None Include="run_bench.sh">
      <Filter>File di risorse\shell</Filter>
    </None>
    <None Include="job.csv">
      <Filter>File di risorse\tests</Filter>
    </None>
    <None Include="job_bench.csv">
      <Filter>File di risorse\tests</Filter>
    </None>
    <None Include="results.csv">
      <Filter>File di risorse\tests</Filter>
    </None>
  </ItemGroup>
</Project>