<?xml version="1.0" encoding="utf-8"?>
<Project ToolsVersion="4.0" xmlns="http://schemas.microsoft.com/developer/msbuild/2003">
  <ItemGroup>
    <Filter Include="Source">
      <UniqueIdentifier>{4FC737F1-C7A5-4376-A066-2A32D752A2FF}</UniqueIdentifier>
      <Extensions>cpp;c;cc;cxx;def;odl;idl;hpj;bat;asm;asmx</Extensions>
    </Filter>
    <Filter Include="Source\DennMutation">
      <UniqueIdentifier>{45bbe5ae-7b1f-46be-b577-d151a8c415c3}</UniqueIdentifier>
    </Filter>
    <Filter Include="Source\DennCrossover">
      <UniqueIdentifier>{c0d6100e-71b2-4ddd-aac9-0e1bca41f42b}</UniqueIdentifier>
    </Filter>
    <Filter Include="Source\DennEvolutionMethod">
      <UniqueIdentifier>{4d6bccaf-ca36-4b9a-87a1-9520de4b643e}</UniqueIdentifier>
    </Filter>
    <Filter Include="Include">
      <UniqueIdentifier>{93995380-89BD-4b04-88EB-625FBE52EBFB}</UniqueIdentifier>
      <Extensions>h;hh;hpp;hxx;hm;inl;inc;xsd</Extensions>
    </Filter>
    <Filter Include="Resources">
      <UniqueIdentifier>{67DA6AB6-F800-4c08-8B7A-83BB121AAD01}</UniqueIdentifier>
      <Extensions>rc;ico;cur;bmp;dlg;rc2;rct;bin;rgs;gif;jpg;jpeg;jpe;resx;tiff;tif;png;wav;mfcribbon-ms</Extensions>
    </Filter>
    <Filter Include="Resources\python">
      <UniqueIdentifier>{035da07f-7db1-499d-956f-4cae1ee5ed93}</UniqueIdentifier>
    </Filter>
    <Filter Include="Resources\python\job_manager">
      <UniqueIdentifier>{3bf566dd-bfd9-42ed-8018-2aa4ffd1b093}</UniqueIdentifier>
    </Filter>
    <Filter Include="Resources\shell">
      <UniqueIdentifier>{765bdb3c-a276-4381-b970-89cf093801c2}</UniqueIdentifier>
    </Filter>
    <Filter Include="Resources\tests">
      <UniqueIdentifier>{8fee7666-dbb8-4e29-b354-8a53b15d5f26}</UniqueIdentifier>
    </Filter>
    <Filter Include="Source\DennGate">
      <UniqueIdentifier>{2af22b56-0cf8-4831-8751-f9f2aca0d640}</UniqueIdentifier>
    </Filter>
    <Filter Include="Source\DennInstance">
      <UniqueIdentifier>{bd407b0c-884a-4b44-8679-704c594dbd1e}</UniqueIdentifier>
    </Filter>
    <Filter Include="Source\DennEvaluation">
      <UniqueIdentifier>{0c369670-e661-4305-9530-a96e3bbe8a5d}</UniqueIdentifier>
    </Filter>
  </ItemGroup>
  <ItemGroup>
    <ClInclude Include="include\Config.h">
      <Filter>Include</Filter>
    </ClInclude>
    <ClInclude Include="include\IOFileWrapper.h">
      <Filter>Include</Filter>
    </ClInclude>
    <ClInclude Include="include\TicksTime.h">
      <Filter>Include</Filter>
    </ClInclude>
    <ClInclude Include="include\ThreadPool.h">
      <Filter>Include</Filter>
    </ClInclude>
    <ClInclude Include="include\DennAlgorithm.h">
      <Filter>Include</Filter>
    </ClInclude>
    <ClInclude Include="include\DennParameters.h">
      <Filter>Include</Filter>
    </ClInclude>
    <ClInclude Include="include\DennPopulation.h">
      <Filter>Include</Filter>
    </ClInclude>
    <ClInclude Include="include\DennCrossover.h">
      <Filter>Include</Filter>
    </ClInclude>
    <ClInclude Include="include\DennDataSet.h">
      <Filter>Include</Filter>
    </ClInclude>
    <ClInclude Include="include\DennMutation.h">
      <Filter>Include</Filter>
    </ClInclude>
    <ClInclude Include="include\DennRuntimeOutput.h">
      <Filter>Include</Filter>
    </ClInclude>
    <ClInclude Include="include\DennIndividual.h">
      <Filter>Include</Filter>
    </ClInclude>
    <ClInclude Include="include\DennDatasetLoader.h">
      <Filter>Include</Filter>
    </ClInclude>
    <ClInclude Include="include\DennRandom.h">
      <Filter>Include</Filter>
    </ClInclude>
    <ClInclude Include="include\DennEvolutionMethod.h">
      <Filter>Include</Filter>
    </ClInclude>
    <ClInclude Include="include\DennVariant.h">
      <Filter>Include</Filter>
    </ClInclude>
    <ClInclude Include="include\DennSerializeOutput.h">
      <Filter>Include</Filter>
    </ClInclude>
    <ClInclude Include="include\DennFilesystem.h">
      <Filter>Include</Filter>
    </ClInclude>
    <ClInclude Include="include\Denn.h">
      <Filter>Include</Filter>
    </ClInclude>
    <ClInclude Include="include\DennActiveFunction.h">
      <Filter>Include</Filter>
    </ClInclude>
    <ClInclude Include="include\DennConstants.h">
      <Filter>Include</Filter>
    </ClInclude>
    <ClInclude Include="include\DennCostFunction.h">
      <Filter>Include</Filter>
    </ClInclude>
    <ClInclude Include="include\DennLayer.h">
      <Filter>Include</Filter>
    </ClInclude>
    <ClInclude Include="include\DennNeuralNetwork.h">
      <Filter>Include</Filter>
    </ClInclude>
    <ClInclude Include="include\DennPerceptronLayer.h">
      <Filter>Include</Filter>
    </ClInclude>
    <ClInclude Include="include\DennPointFunction.h">
      <Filter>Include</Filter>
    </ClInclude>
    <ClInclude Include="include\DennDump.h">
      <Filter>Include</Filter>
    </ClInclude>
    <ClInclude Include="include\DennVersion.h">
      <Filter>Include</Filter>
    </ClInclude>
    <ClInclude Include="include\DennTestSetStream.h">
      <Filter>Include</Filter>
    </ClInclude>
    <ClInclude Include="include\DennEvaluation.h">
      <Filter>Include</Filter>
    </ClInclude>
    <ClInclude Include="include\DennNRam.h">
      <Filter>Include</Filter>
    </ClInclude>
    <ClInclude Include="include\DennNRamTask.h">
      <Filter>Include</Filter>
    </ClInclude>
    <ClInclude Include="include\DennNRamGate.h">
      <Filter>Include</Filter>
    </ClInclude>
    <ClInclude Include="include\DennInstance.h">
      <Filter>Include</Filter>
    </ClInclude>
    <ClInclude Include="include\DennNRamDataSetTask.h">
      <Filter>Include</Filter>
    </ClInclude>
    <ClInclude Include="include\DennInstanceUtils.h">
      <Filter>Include</Filter>
    </ClInclude>
  </ItemGroup>
  <ItemGroup>
    <ClCompile Include="source\TicksTime.cpp">
      <Filter>Source</Filter>
    </ClCompile>
    <ClCompile Include="source\DennIndividual.cpp">
      <Filter>Source</Filter>
    </ClCompile>
    <ClCompile Include="source\DennPopulation.cpp">
      <Filter>Source</Filter>
    </ClCompile>
    <ClCompile Include="source\DennAlgorithm.cpp">
      <Filter>Source</Filter>
    </ClCompile>
    <ClCompile Include="source\DennCrossoverFactory.cpp">
      <Filter>Source</Filter>
    </ClCompile>
    <ClCompile Include="source\DennMutationFactory.cpp">
      <Filter>Source</Filter>
    </ClCompile>
    <ClCompile Include="source\DennParameters.cpp">
      <Filter>Source</Filter>
    </ClCompile>
    <ClCompile Include="source\DennRandom.cpp">
      <Filter>Source</Filter>
    </ClCompile>
    <ClCompile Include="source\DennEvolutionMethodFactory.cpp">
      <Filter>Source</Filter>
    </ClCompile>
    <ClCompile Include="source\DennFilesystem.cpp">
      <Filter>Source</Filter>
    </ClCompile>
    <ClCompile Include="source\DennRuntimeOutputFactory.cpp">
      <Filter>Source</Filter>
    </ClCompile>
    <ClCompile Include="source\DennRuntimeOutputItems.cpp">
      <Filter>Source</Filter>
    </ClCompile>
    <ClCompile Include="source\DennSerializaOutputFactory.cpp">
      <Filter>Source</Filter>
    </ClCompile>
    <ClCompile Include="source\DennSerializeOutputItems.cpp">
      <Filter>Source</Filter>
    </ClCompile>
    <ClCompile Include="source\DennActiveFunctionFactory.cpp">
      <Filter>Source</Filter>
    </ClCompile>
    <ClCompile Include="source\DennActiveFunctionItems.cpp">
      <Filter>Source</Filter>
    </ClCompile>
    <ClCompile Include="source\DennLayer.cpp">
      <Filter>Source</Filter>
    </ClCompile>
    <ClCompile Include="source\DennNeuralNetwork.cpp">
      <Filter>Source</Filter>
    </ClCompile>
    <ClCompile Include="source\DennPerceptronLayer.cpp">
      <Filter>Source</Filter>
    </ClCompile>
    <ClCompile Include="source\main.cpp">
      <Filter>Source</Filter>
    </ClCompile>
    <ClCompile Include="source\DennTestSetStream.cpp">
      <Filter>Source</Filter>
    </ClCompile>
    <ClCompile Include="source\DennDump.cpp">
      <Filter>Source</Filter>
    </ClCompile>
    <ClCompile Include="source\DennMutation\DennMutationBest.cpp">
      <Filter>Source\DennMutation</Filter>
    </ClCompile>
    <ClCompile Include="source\DennMutation\DennMutationCurrentToBest.cpp">
      <Filter>Source\DennMutation</Filter>
    </ClCompile>
    <ClCompile Include="source\DennMutation\DennMutationDegl.cpp">
      <Filter>Source\DennMutation</Filter>
    </ClCompile>
    <ClCompile Include="source\DennMutation\DennMutationNone.cpp">
      <Filter>Source\DennMutation</Filter>
    </ClCompile>
    <ClCompile Include="source\DennMutation\DennMutationRand.cpp">
      <Filter>Source\DennMutation</Filter>
    </ClCompile>
    <ClCompile Include="source\DennCrossover\DennCrossoverBin.cpp">
      <Filter>Source\DennCrossover</Filter>
    </ClCompile>
    <ClCompile Include="source\DennCrossover\DennCrossoverExp.cpp">
      <Filter>Source\DennCrossover</Filter>
    </ClCompile>
    <ClCompile Include="source\DennCrossover\DennCrossoverInterm.cpp">
      <Filter>Source\DennCrossover</Filter>
    </ClCompile>
    <ClCompile Include="source\DennCrossover\DennCrossoverNone.cpp">
      <Filter>Source\DennCrossover</Filter>
    </ClCompile>
    <ClCompile Include="source\DennEvolutionMethod\DennEvolutionMethodBackPropagation.cpp">
      <Filter>Source\DennEvolutionMethod</Filter>
    </ClCompile>
    <ClCompile Include="source\DennEvolutionMethod\DennEvolutionMethodDE.cpp">
      <Filter>Source\DennEvolutionMethod</Filter>
    </ClCompile>
    <ClCompile Include="source\DennEvolutionMethod\DennEvolutionMethodHistory.cpp">
      <Filter>Source\DennEvolutionMethod</Filter>
    </ClCompile>
    <ClCompile Include="source\DennEvolutionMethod\DennEvolutionMethodJADE.cpp">
      <Filter>Source\DennEvolutionMethod</Filter>
    </ClCompile>
    <ClCompile Include="source\DennEvolutionMethod\DennEvolutionMethodJDE.cpp">
      <Filter>Source\DennEvolutionMethod</Filter>
    </ClCompile>
    <ClCompile Include="source\DennEvolutionMethod\DennEvolutionMethodNone.cpp">
      <Filter>Source\DennEvolutionMethod</Filter>
    </ClCompile>
    <ClCompile Include="source\DennEvolutionMethod\DennEvolutionMethodShaDE.cpp">
      <Filter>Source\DennEvolutionMethod</Filter>
    </ClCompile>
    <ClCompile Include="source\DennEvaluationFactory.cpp">
      <Filter>Source</Filter>
    </ClCompile>
    <ClCompile Include="source\DennNRam.cpp">
      <Filter>Source</Filter>
    </ClCompile>
    <ClCompile Include="source\DennGates\DennGateAdd.cpp">
      <Filter>Source\DennGate</Filter>
    </ClCompile>
    <ClCompile Include="source\DennGates\DennGateDec.cpp">
      <Filter>Source\DennGate</Filter>
    </ClCompile>
    <ClCompile Include="source\DennGates\DennGateEquality.cpp">
      <Filter>Source\DennGate</Filter>
    </ClCompile>
    <ClCompile Include="source\DennGates\DennGateInc.cpp">
      <Filter>Source\DennGate</Filter>
    </ClCompile>
    <ClCompile Include="source\DennGates\DennGateLessEqualThan.cpp">
      <Filter>Source\DennGate</Filter>
    </ClCompile>
    <ClCompile Include="source\DennGates\DennGateLessThan.cpp">
      <Filter>Source\DennGate</Filter>
    </ClCompile>
    <ClCompile Include="source\DennGates\DennGateMax.cpp">
      <Filter>Source\DennGate</Filter>
    </ClCompile>
    <ClCompile Include="source\DennGates\DennGateMin.cpp">
      <Filter>Source\DennGate</Filter>
    </ClCompile>
    <ClCompile Include="source\DennGates\DennGateOne.cpp">
      <Filter>Source\DennGate</Filter>
    </ClCompile>
    <ClCompile Include="source\DennGates\DennGateRead.cpp">
      <Filter>Source\DennGate</Filter>
    </ClCompile>
    <ClCompile Include="source\DennGates\DennGateSub.cpp">
      <Filter>Source\DennGate</Filter>
    </ClCompile>
    <ClCompile Include="source\DennGates\DennGateTwo.cpp">
      <Filter>Source\DennGate</Filter>
    </ClCompile>
    <ClCompile Include="source\DennGates\DennGateWrite.cpp">
      <Filter>Source\DennGate</Filter>
    </ClCompile>
    <ClCompile Include="source\DennGates\DennGateZero.cpp">
      <Filter>Source\DennGate</Filter>
    </ClCompile>
    <ClCompile Include="source\DennNRamTask.cpp">
      <Filter>Source</Filter>
    </ClCompile>
    <ClCompile Include="source\DennNRamTaskItems.cpp">
      <Filter>Source</Filter>
    </ClCompile>
    <ClCompile Include="source\DennNRamGate.cpp">
      <Filter>Source</Filter>
    </ClCompile>
    <ClCompile Include="source\DennInstance.cpp">
      <Filter>Source</Filter>
    </ClCompile>
    <ClCompile Include="source\DennInstance\DennNRamInstance.cpp">
      <Filter>Source\DennInstance</Filter>
    </ClCompile>
    <ClCompile Include="source\DennInstanceUtils.cpp">
      <Filter>Source</Filter>
    </ClCompile>
    <ClCompile Include="source\DennInstance\DennDefaultInstance.cpp">
      <Filter>Source\DennInstance</Filter>
    </ClCompile>
    <ClCompile Include="source\DennNRamDataSetTask.cpp">
      <Filter>Source</Filter>
    </ClCompile>
    <ClCompile Include="source\DennEvaluation\DennAccuracy.cpp">
      <Filter>Source\DennEvaluation</Filter>
    </ClCompile>
    <ClCompile Include="source\DennEvaluation\DennCrossentropy.cpp">
      <Filter>Source\DennEvaluation</Filter>
    </ClCompile>
  </ItemGroup>
  <ItemGroup>
    <None Include="tests\run_bench.sh">
      <Filter>Resources\shell</Filter>
    </None>
    <None Include="README.md">
      <Filter>Resources</Filter>
    </None>
    <None Include="tests\plot_out_2D.py">
      <Filter>Resources\python</Filter>
    </None>
    <None Include="tests\plot_out_3D.py">
      <Filter>Resources\python</Filter>
    </None>
    <None Include="makefile">
      <Filter>Resources\shell</Filter>
    </None>
    <None Include="tests\windows_space_to_unix.py">
      <Filter>Resources\python</Filter>
    </None>
    <None Include="tests\jobs\job.csv">
      <Filter>Resources\tests</Filter>
    </None>
    <None Include="tests\jobs\job_bench.csv">
      <Filter>Resources\tests</Filter>
    </None>
    <None Include="tests\jobs\job_JULY.csv">
      <Filter>Resources\tests</Filter>
    </None>
    <None Include="tests\job_manager\__init__.py">
      <Filter>Resources\python\job_manager</Filter>
    </None>
    <None Include="tests\job_manager\creator.py">
      <Filter>Resources\python\job_manager</Filter>
    </None>
    <None Include="tests\job_manager\creator_JULY.py">
      <Filter>Resources\python\job_manager</Filter>
    </None>
    <None Include="tests\job_manager\manager.py">
      <Filter>Resources\python\job_manager</Filter>
    </None>
  </ItemGroup>
  <ItemGroup>
    <ResourceCompile Include="DENN.rc">
      <Filter>Resources</Filter>
    </ResourceCompile>
  </ItemGroup>
</Project>